
Microsoft Visual Studio Solution File, Format Version 12.00
# Visual Studio Version 17
VisualStudioVersion = 17.2.32602.215
MinimumVisualStudioVersion = 10.0.40219.1
Project("{FAE04EC0-301F-11D3-BF4B-00C04F79EFBC}") = "github2", "github2\github2.csproj", "{B8DA548D-586B-4850-A851-43A0054DE858}"
EndProject
Global
	GlobalSection(SolutionConfigurationPlatforms) = preSolution
		Debug|Any CPU = Debug|Any CPU
		Release|Any CPU = Release|Any CPU
	EndGlobalSection
	GlobalSection(ProjectConfigurationPlatforms) = postSolution
		{B8DA548D-586B-4850-A851-43A0054DE858}.Debug|Any CPU.ActiveCfg = Debug|Any CPU
		{B8DA548D-586B-4850-A851-43A0054DE858}.Debug|Any CPU.Build.0 = Debug|Any CPU
		{B8DA548D-586B-4850-A851-43A0054DE858}.Release|Any CPU.ActiveCfg = Release|Any CPU
		{B8DA548D-586B-4850-A851-43A0054DE858}.Release|Any CPU.Build.0 = Release|Any CPU
	EndGlobalSection
	GlobalSection(SolutionProperties) = preSolution
		HideSolutionNode = FALSE
	EndGlobalSection
	GlobalSection(ExtensibilityGlobals) = postSolution
		SolutionGuid = {4E14D222-6B28-48B5-8012-5F88784F40DB}
	EndGlobalSection
EndGlobal
